// !$*UTF8*$!
{
	archiveVersion = 1;
	classes = {
	};
	objectVersion = 56;
	objects = {

/* Begin PBXBuildFile section */
		A00100010000000000000001 /* PaperlessIOSApp.swift in Sources */ = {isa = PBXBuildFile; fileRef = A00110010000000000000001 /* PaperlessIOSApp.swift */; };
		A00100020000000000000001 /* ContentView.swift in Sources */ = {isa = PBXBuildFile; fileRef = A00110020000000000000001 /* ContentView.swift */; };
		A00100030000000000000001 /* DesignSystem.swift in Sources */ = {isa = PBXBuildFile; fileRef = A00110030000000000000001 /* DesignSystem.swift */; };
		A00100040000000000000001 /* Haptics.swift in Sources */ = {isa = PBXBuildFile; fileRef = A00110040000000000000001 /* Haptics.swift */; };
		A00100050000000000000001 /* Models.swift in Sources */ = {isa = PBXBuildFile; fileRef = A00110050000000000000001 /* Models.swift */; };
		A00100060000000000000001 /* MockData.swift in Sources */ = {isa = PBXBuildFile; fileRef = A00110060000000000000001 /* MockData.swift */; };
		A00100070000000000000001 /* Assets.xcassets in Resources */ = {isa = PBXBuildFile; fileRef = A00110070000000000000001 /* Assets.xcassets */; };
		A00100080000000000000001 /* Preview Assets.xcassets in Resources */ = {isa = PBXBuildFile; fileRef = A00110080000000000000001 /* Preview Assets.xcassets */; };
		A00100090000000000000001 /* CameraQRScannerView.swift in Sources */ = {isa = PBXBuildFile; fileRef = A00110090000000000000001 /* CameraQRScannerView.swift */; };
		A00100100000000000000001 /* ReceiptStore.swift in Sources */ = {isa = PBXBuildFile; fileRef = A00110100000000000000001 /* ReceiptStore.swift */; };
		A00100110000000000000001 /* ProfileStore.swift in Sources */ = {isa = PBXBuildFile; fileRef = A00110110000000000000001 /* ProfileStore.swift */; };
		A00100120000000000000001 /* ReceiptWarpShaders.metal in Sources */ = {isa = PBXBuildFile; fileRef = A00110120000000000000001 /* ReceiptWarpShaders.metal */; };
/* End PBXBuildFile section */

/* Begin PBXFileReference section */
		A00110000000000000000001 /* PaperlessIOS.app */ = {isa = PBXFileReference; explicitFileType = wrapper.application; includeInIndex = 0; path = PaperlessIOS.app; sourceTree = BUILT_PRODUCTS_DIR; };
		A00110010000000000000001 /* PaperlessIOSApp.swift */ = {isa = PBXFileReference; lastKnownFileType = sourcecode.swift; path = PaperlessIOSApp.swift; sourceTree = "<group>"; };
		A00110020000000000000001 /* ContentView.swift */ = {isa = PBXFileReference; lastKnownFileType = sourcecode.swift; path = ContentView.swift; sourceTree = "<group>"; };
		A00110030000000000000001 /* DesignSystem.swift */ = {isa = PBXFileReference; lastKnownFileType = sourcecode.swift; path = DesignSystem.swift; sourceTree = "<group>"; };
		A00110040000000000000001 /* Haptics.swift */ = {isa = PBXFileReference; lastKnownFileType = sourcecode.swift; path = Haptics.swift; sourceTree = "<group>"; };
		A00110050000000000000001 /* Models.swift */ = {isa = PBXFileReference; lastKnownFileType = sourcecode.swift; path = Models.swift; sourceTree = "<group>"; };
		A00110060000000000000001 /* MockData.swift */ = {isa = PBXFileReference; lastKnownFileType = sourcecode.swift; path = MockData.swift; sourceTree = "<group>"; };
		A00110070000000000000001 /* Assets.xcassets */ = {isa = PBXFileReference; lastKnownFileType = folder.assetcatalog; path = Assets.xcassets; sourceTree = "<group>"; };
		A00110080000000000000001 /* Preview Assets.xcassets */ = {isa = PBXFileReference; lastKnownFileType = folder.assetcatalog; path = "Preview Assets.xcassets"; sourceTree = "<group>"; };
		A00110090000000000000001 /* CameraQRScannerView.swift */ = {isa = PBXFileReference; lastKnownFileType = sourcecode.swift; path = CameraQRScannerView.swift; sourceTree = "<group>"; };
		A00110100000000000000001 /* ReceiptStore.swift */ = {isa = PBXFileReference; lastKnownFileType = sourcecode.swift; path = ReceiptStore.swift; sourceTree = "<group>"; };
		A00110110000000000000001 /* ProfileStore.swift */ = {isa = PBXFileReference; lastKnownFileType = sourcecode.swift; path = ProfileStore.swift; sourceTree = "<group>"; };
		A00110120000000000000001 /* ReceiptWarpShaders.metal */ = {isa = PBXFileReference; lastKnownFileType = sourcecode.metal; path = ReceiptWarpShaders.metal; sourceTree = "<group>"; };
/* End PBXFileReference section */

/* Begin PBXFrameworksBuildPhase section */
		A00120010000000000000001 /* Frameworks */ = {
			isa = PBXFrameworksBuildPhase;
			buildActionMask = 2147483647;
			files = (
			);
			runOnlyForDeploymentPostprocessing = 0;
		};
/* End PBXFrameworksBuildPhase section */

/* Begin PBXGroup section */
		A00130000000000000000001 = {
			isa = PBXGroup;
			children = (
				A00130010000000000000001 /* PaperlessIOS */,
				A00130020000000000000001 /* Products */,
			);
			sourceTree = "<group>";
		};
		A00130010000000000000001 /* PaperlessIOS */ = {
			isa = PBXGroup;
			children = (
				A00110010000000000000001 /* PaperlessIOSApp.swift */,
				A00110020000000000000001 /* ContentView.swift */,
				A00110030000000000000001 /* DesignSystem.swift */,
				A00110040000000000000001 /* Haptics.swift */,
				A00110050000000000000001 /* Models.swift */,
				A00110060000000000000001 /* MockData.swift */,
				A00110090000000000000001 /* CameraQRScannerView.swift */,
				A00110100000000000000001 /* ReceiptStore.swift */,
				A00110110000000000000001 /* ProfileStore.swift */,
				A00110120000000000000001 /* ReceiptWarpShaders.metal */,
				A00110070000000000000001 /* Assets.xcassets */,
				A00130030000000000000001 /* Preview Content */,
			);
			path = PaperlessIOS;
			sourceTree = "<group>";
		};
		A00130020000000000000001 /* Products */ = {
			isa = PBXGroup;
			children = (
				A00110000000000000000001 /* PaperlessIOS.app */,
			);
			name = Products;
			sourceTree = "<group>";
		};
		A00130030000000000000001 /* Preview Content */ = {
			isa = PBXGroup;
			children = (
				A00110080000000000000001 /* Preview Assets.xcassets */,
			);
			path = "Preview Content";
			sourceTree = "<group>";
		};
/* End PBXGroup section */

/* Begin PBXNativeTarget section */
		A00140010000000000000001 /* PaperlessIOS */ = {
			isa = PBXNativeTarget;
			buildConfigurationList = A00150020000000000000001 /* Build configuration list for PBXNativeTarget "PaperlessIOS" */;
			buildPhases = (
				A00120020000000000000001 /* Sources */,
				A00120010000000000000001 /* Frameworks */,
				A00120030000000000000001 /* Resources */,
			);
			buildRules = (
			);
			dependencies = (
			);
			name = PaperlessIOS;
			productName = PaperlessIOS;
			productReference = A00110000000000000000001 /* PaperlessIOS.app */;
			productType = "com.apple.product-type.application";
		};
/* End PBXNativeTarget section */

/* Begin PBXProject section */
		A00150000000000000000001 /* Project object */ = {
			isa = PBXProject;
			attributes = {
				BuildIndependentTargetsInParallel = 1;
				LastSwiftUpdateCheck = 1600;
				LastUpgradeCheck = 1600;
				TargetAttributes = {
					A00140010000000000000001 = {
						CreatedOnToolsVersion = 16.0;
					};
				};
			};
			buildConfigurationList = A00150010000000000000001 /* Build configuration list for PBXProject "PaperlessIOS" */;
			compatibilityVersion = "Xcode 14.0";
			developmentRegion = en;
			hasScannedForEncodings = 0;
			knownRegions = (
				en,
				Base,
			);
			mainGroup = A00130000000000000000001;
			productRefGroup = A00130020000000000000001 /* Products */;
			projectDirPath = "";
			projectRoot = "";
			targets = (
				A00140010000000000000001 /* PaperlessIOS */,
			);
		};
/* End PBXProject section */

/* Begin PBXResourcesBuildPhase section */
		A00120030000000000000001 /* Resources */ = {
			isa = PBXResourcesBuildPhase;
			buildActionMask = 2147483647;
			files = (
				A00100070000000000000001 /* Assets.xcassets in Resources */,
				A00100080000000000000001 /* Preview Assets.xcassets in Resources */,
			);
			runOnlyForDeploymentPostprocessing = 0;
		};
/* End PBXResourcesBuildPhase section */

/* Begin PBXSourcesBuildPhase section */
		A00120020000000000000001 /* Sources */ = {
			isa = PBXSourcesBuildPhase;
			buildActionMask = 2147483647;
			files = (
				A00100020000000000000001 /* ContentView.swift in Sources */,
				A00100030000000000000001 /* DesignSystem.swift in Sources */,
				A00100040000000000000001 /* Haptics.swift in Sources */,
				A00100050000000000000001 /* Models.swift in Sources */,
				A00100060000000000000001 /* MockData.swift in Sources */,
				A00100090000000000000001 /* CameraQRScannerView.swift in Sources */,
				A00100100000000000000001 /* ReceiptStore.swift in Sources */,
				A00100110000000000000001 /* ProfileStore.swift in Sources */,
				A00100120000000000000001 /* ReceiptWarpShaders.metal in Sources */,
				A00100010000000000000001 /* PaperlessIOSApp.swift in Sources */,
			);
			runOnlyForDeploymentPostprocessing = 0;
		};
/* End PBXSourcesBuildPhase section */

/* Begin XCBuildConfiguration section */
		A00160010000000000000001 /* Debug */ = {
			isa = XCBuildConfiguration;
			buildSettings = {
				ALWAYS_SEARCH_USER_PATHS = NO;
				CLANG_ENABLE_MODULES = YES;
				CLANG_ENABLE_OBJC_ARC = YES;
				COPY_PHASE_STRIP = NO;
				DEBUG_INFORMATION_FORMAT = dwarf;
				ENABLE_TESTABILITY = YES;
				GCC_C_LANGUAGE_STANDARD = gnu17;
				GCC_NO_COMMON_BLOCKS = YES;
				GCC_OPTIMIZATION_LEVEL = 0;
				IPHONEOS_DEPLOYMENT_TARGET = 17.0;
				SDKROOT = iphoneos;
				SWIFT_OPTIMIZATION_LEVEL = "-Onone";
			};
			name = Debug;
		};
		A00160020000000000000001 /* Release */ = {
			isa = XCBuildConfiguration;
			buildSettings = {
				ALWAYS_SEARCH_USER_PATHS = NO;
				CLANG_ENABLE_MODULES = YES;
				CLANG_ENABLE_OBJC_ARC = YES;
				COPY_PHASE_STRIP = NO;
				DEBUG_INFORMATION_FORMAT = "dwarf-with-dsym";
				GCC_C_LANGUAGE_STANDARD = gnu17;
				GCC_NO_COMMON_BLOCKS = YES;
				IPHONEOS_DEPLOYMENT_TARGET = 17.0;
				SDKROOT = iphoneos;
				SWIFT_OPTIMIZATION_LEVEL = "-O";
			};
			name = Release;
		};
		A00160030000000000000001 /* Debug */ = {
			isa = XCBuildConfiguration;
			buildSettings = {
				ASSETCATALOG_COMPILER_APPICON_NAME = AppIcon;
				ASSETCATALOG_COMPILER_GLOBAL_ACCENT_COLOR_NAME = AccentColor;
				ASSETCATALOG_COMPILER_INCLUDE_ALL_APPICON_ASSETS = NO;
				CODE_SIGN_IDENTITY = "Apple Development";
				CODE_SIGN_STYLE = Automatic;
				CURRENT_PROJECT_VERSION = 1;
				DEVELOPMENT_TEAM = 7L9YT2TMVS;
				GENERATE_INFOPLIST_FILE = YES;
				INFOPLIST_KEY_CFBundleDisplayName = Paperless;
				INFOPLIST_KEY_CFBundleURLTypes = "{\n    CFBundleURLName = \"com.b1zzy.paperlessios\";\n    CFBundleURLSchemes =     (\n        paperless\n    );\n}";
				INFOPLIST_KEY_NSCameraUsageDescription = "Scan QR codes from receipts.";
				INFOPLIST_KEY_UIApplicationSceneManifest_Generation = YES;
				INFOPLIST_KEY_UIApplicationSupportsIndirectInputEvents = YES;
				INFOPLIST_KEY_UILaunchScreen_Generation = YES;
				INFOPLIST_KEY_UISupportedInterfaceOrientations_iPhone = "UIInterfaceOrientationPortrait UIInterfaceOrientationLandscapeLeft UIInterfaceOrientationLandscapeRight";
				LD_RUNPATH_SEARCH_PATHS = (
					"$(inherited)",
					"@executable_path/Frameworks",
				);
				MARKETING_VERSION = 1.0;
				PRODUCT_BUNDLE_IDENTIFIER = com.b1zzy.paperlessios;
				PRODUCT_NAME = "$(TARGET_NAME)";
				PROVISIONING_PROFILE_SPECIFIER = "";
				SUPPORTED_PLATFORMS = "iphoneos iphonesimulator";
				SWIFT_EMIT_LOC_STRINGS = YES;
				SWIFT_VERSION = 5.0;
				TARGETED_DEVICE_FAMILY = 1;
			};
			name = Debug;
		};
		A00160040000000000000001 /* Release */ = {
			isa = XCBuildConfiguration;
			buildSettings = {
				ASSETCATALOG_COMPILER_APPICON_NAME = AppIcon;
				ASSETCATALOG_COMPILER_GLOBAL_ACCENT_COLOR_NAME = AccentColor;
				ASSETCATALOG_COMPILER_INCLUDE_ALL_APPICON_ASSETS = NO;
				CODE_SIGN_IDENTITY = "Apple Development";
				CODE_SIGN_STYLE = Automatic;
				CURRENT_PROJECT_VERSION = 1;
				DEVELOPMENT_TEAM = 7L9YT2TMVS;
				GENERATE_INFOPLIST_FILE = YES;
				INFOPLIST_KEY_CFBundleDisplayName = Paperless;
				INFOPLIST_KEY_CFBundleURLTypes = "{\n    CFBundleURLName = \"com.b1zzy.paperlessios\";\n    CFBundleURLSchemes =     (\n        paperless\n    );\n}";
				INFOPLIST_KEY_NSCameraUsageDescription = "Scan QR codes from receipts.";
				INFOPLIST_KEY_UIApplicationSceneManifest_Generation = YES;
				INFOPLIST_KEY_UIApplicationSupportsIndirectInputEvents = YES;
				INFOPLIST_KEY_UILaunchScreen_Generation = YES;
				INFOPLIST_KEY_UISupportedInterfaceOrientations_iPhone = "UIInterfaceOrientationPortrait UIInterfaceOrientationLandscapeLeft UIInterfaceOrientationLandscapeRight";
				LD_RUNPATH_SEARCH_PATHS = (
					"$(inherited)",
					"@executable_path/Frameworks",
				);
				MARKETING_VERSION = 1.0;
				PRODUCT_BUNDLE_IDENTIFIER = com.b1zzy.paperlessios;
				PRODUCT_NAME = "$(TARGET_NAME)";
				PROVISIONING_PROFILE_SPECIFIER = "";
				SUPPORTED_PLATFORMS = "iphoneos iphonesimulator";
				SWIFT_EMIT_LOC_STRINGS = YES;
				SWIFT_VERSION = 5.0;
				TARGETED_DEVICE_FAMILY = 1;
			};
			name = Release;
		};
/* End XCBuildConfiguration section */

/* Begin XCConfigurationList section */
		A00150010000000000000001 /* Build configuration list for PBXProject "PaperlessIOS" */ = {
			isa = XCConfigurationList;
			buildConfigurations = (
				A00160010000000000000001 /* Debug */,
				A00160020000000000000001 /* Release */,
			);
			defaultConfigurationIsVisible = 0;
			defaultConfigurationName = Release;
		};
		A00150020000000000000001 /* Build configuration list for PBXNativeTarget "PaperlessIOS" */ = {
			isa = XCConfigurationList;
			buildConfigurations = (
				A00160030000000000000001 /* Debug */,
				A00160040000000000000001 /* Release */,
			);
			defaultConfigurationIsVisible = 0;
			defaultConfigurationName = Release;
		};
/* End XCConfigurationList section */
	};
	rootObject = A00150000000000000000001 /* Project object */;
}
